Microsoft Visual Studio Solution File, Format Version 11.00
# Visual Studio 2008

Project("{1776970D-F49C-A5CA-0538-64E3E5B193F3}") = "OmniDig", "Assembly-CSharp.csproj", "{390758A0-15C1-DB75-6C74-E79383C64C0D}"
EndProject
Project("{1776970D-F49C-A5CA-0538-64E3E5B193F3}") = "OmniDig", "Assembly-CSharp-Editor.csproj", "{702073CA-56DB-4AD5-833B-009F3E6E0BB8}"
EndProject
Global
	GlobalSection(SolutionConfigurationPlatforms) = preSolution
		Debug|Any CPU = Debug|Any CPU
		Release|Any CPU = Release|Any CPU
	EndGlobalSection
	GlobalSection(ProjectConfigurationPlatforms) = postSolution
		{390758A0-15C1-DB75-6C74-E79383C64C0D}.Debug|Any CPU.ActiveCfg = Debug|Any CPU
		{390758A0-15C1-DB75-6C74-E79383C64C0D}.Debug|Any CPU.Build.0 = Debug|Any CPU
		{390758A0-15C1-DB75-6C74-E79383C64C0D}.Release|Any CPU.ActiveCfg = Release|Any CPU
		{390758A0-15C1-DB75-6C74-E79383C64C0D}.Release|Any CPU.Build.0 = Release|Any CPU
		{702073CA-56DB-4AD5-833B-009F3E6E0BB8}.Debug|Any CPU.ActiveCfg = Debug|Any CPU
		{702073CA-56DB-4AD5-833B-009F3E6E0BB8}.Debug|Any CPU.Build.0 = Debug|Any CPU
		{702073CA-56DB-4AD5-833B-009F3E6E0BB8}.Release|Any CPU.ActiveCfg = Release|Any CPU
		{702073CA-56DB-4AD5-833B-009F3E6E0BB8}.Release|Any CPU.Build.0 = Release|Any CPU
	EndGlobalSection
	GlobalSection(SolutionProperties) = preSolution
		HideSolutionNode = FALSE
	EndGlobalSection
																																																																																																																																																																																																																																																																																																																																							GlobalSection(MonoDevelopProperties) = preSolution
		StartupItem = Assembly-CSharp.csproj
		Policies = $0
		$0.TextStylePolicy = $1
		$1.inheritsSet = null
		$1.scope = text/x-csharp
		$0.CSharpFormattingPolicy = $2
		$2.inheritsSet = Mono
		$2.inheritsScope = text/x-csharp
		$2.scope = text/x-csharp
		$0.TextStylePolicy = $3
		$3.FileWidth = 120
		$3.TabWidth = 4
		$3.EolMarker = Unix
		$3.inheritsSet = Mono
		$3.inheritsScope = text/plain
		$3.scope = text/plain
	EndGlobalSection

EndGlobal
